// !$*UTF8*$!
{
	archiveVersion = 1;
	classes = {
	};
	objectVersion = 51;
	objects = {

/* Begin PBXBuildFile section */
		058AA7C88E6E24CA97FC8C8A /* Pods_SwifeyTests.framework in Frameworks */ = {isa = PBXBuildFile; fileRef = 3CE085C7BC6340D09586CD38 /* Pods_SwifeyTests.framework */; };
		41023D3C23D3E32900C6290A /* AppDelegate.swift in Sources */ = {isa = PBXBuildFile; fileRef = 41023D3B23D3E32900C6290A /* AppDelegate.swift */; };
		41023D3E23D3E32900C6290A /* SceneDelegate.swift in Sources */ = {isa = PBXBuildFile; fileRef = 41023D3D23D3E32900C6290A /* SceneDelegate.swift */; };
		41023D4123D3E32900C6290A /* Swifey.xcdatamodeld in Sources */ = {isa = PBXBuildFile; fileRef = 41023D3F23D3E32900C6290A /* Swifey.xcdatamodeld */; };
		41023D4323D3E32900C6290A /* ContentView.swift in Sources */ = {isa = PBXBuildFile; fileRef = 41023D4223D3E32900C6290A /* ContentView.swift */; };
		41023D4523D3E32D00C6290A /* Assets.xcassets in Resources */ = {isa = PBXBuildFile; fileRef = 41023D4423D3E32D00C6290A /* Assets.xcassets */; };
		41023D4823D3E32D00C6290A /* Preview Assets.xcassets in Resources */ = {isa = PBXBuildFile; fileRef = 41023D4723D3E32D00C6290A /* Preview Assets.xcassets */; };
		41023D4B23D3E32D00C6290A /* LaunchScreen.storyboard in Resources */ = {isa = PBXBuildFile; fileRef = 41023D4923D3E32D00C6290A /* LaunchScreen.storyboard */; };
		41023D5623D3E32D00C6290A /* SwifeyTests.swift in Sources */ = {isa = PBXBuildFile; fileRef = 41023D5523D3E32D00C6290A /* SwifeyTests.swift */; };
		41023D6123D3E32D00C6290A /* SwifeyUITests.swift in Sources */ = {isa = PBXBuildFile; fileRef = 41023D6023D3E32D00C6290A /* SwifeyUITests.swift */; };
		412E484F23D50C15000F6A17 /* SessionStore.swift in Sources */ = {isa = PBXBuildFile; fileRef = 412E484E23D50C15000F6A17 /* SessionStore.swift */; };
		412E485123D53B94000F6A17 /* AuthView.swift in Sources */ = {isa = PBXBuildFile; fileRef = 412E485023D53B94000F6A17 /* AuthView.swift */; };
		418CAF5F23D502C300DCD458 /* GoogleService-Info.plist in Resources */ = {isa = PBXBuildFile; fileRef = 418CAF5E23D502C300DCD458 /* GoogleService-Info.plist */; };
		9C4E0153F604FE62A1A7A27B /* Pods_Swifey.framework in Frameworks */ = {isa = PBXBuildFile; fileRef = A2E0FF85ED283C71E6BD959D /* Pods_Swifey.framework */; };
		DFEACB87CCC0A0D7D9700A85 /* Pods_Swifey_SwifeyUITests.framework in Frameworks */ = {isa = PBXBuildFile; fileRef = 138390B8D356C1A3B23FCFCD /* Pods_Swifey_SwifeyUITests.framework */; };
/* End PBXBuildFile section */

/* Begin PBXContainerItemProxy section */
		41023D5223D3E32D00C6290A /* PBXContainerItemProxy */ = {
			isa = PBXContainerItemProxy;
			containerPortal = 41023D3023D3E32900C6290A /* Project object */;
			proxyType = 1;
			remoteGlobalIDString = 41023D3723D3E32900C6290A;
			remoteInfo = Swifey;
		};
		41023D5D23D3E32D00C6290A /* PBXContainerItemProxy */ = {
			isa = PBXContainerItemProxy;
			containerPortal = 41023D3023D3E32900C6290A /* Project object */;
			proxyType = 1;
			remoteGlobalIDString = 41023D3723D3E32900C6290A;
			remoteInfo = Swifey;
		};
/* End PBXContainerItemProxy section */

/* Begin PBXFileReference section */
		138390B8D356C1A3B23FCFCD /* Pods_Swifey_SwifeyUITests.framework */ = {isa = PBXFileReference; explicitFileType = wrapper.framework; includeInIndex = 0; path = Pods_Swifey_SwifeyUITests.framework; sourceTree = BUILT_PRODUCTS_DIR; };
		208F5EB0BE911C035F212B8E /* Pods-SwifeyTests.debug.xcconfig */ = {isa = PBXFileReference; includeInIndex = 1; lastKnownFileType = text.xcconfig; name = "Pods-SwifeyTests.debug.xcconfig"; path = "Target Support Files/Pods-SwifeyTests/Pods-SwifeyTests.debug.xcconfig"; sourceTree = "<group>"; };
		3485335F8C3CE34B422B1290 /* Pods-Swifey.debug.xcconfig */ = {isa = PBXFileReference; includeInIndex = 1; lastKnownFileType = text.xcconfig; name = "Pods-Swifey.debug.xcconfig"; path = "Target Support Files/Pods-Swifey/Pods-Swifey.debug.xcconfig"; sourceTree = "<group>"; };
		3CE085C7BC6340D09586CD38 /* Pods_SwifeyTests.framework */ = {isa = PBXFileReference; explicitFileType = wrapper.framework; includeInIndex = 0; path = Pods_SwifeyTests.framework; sourceTree = BUILT_PRODUCTS_DIR; };
		40575D5EC70798C92593719D /* Pods-Swifey-SwifeyUITests.release.xcconfig */ = {isa = PBXFileReference; includeInIndex = 1; lastKnownFileType = text.xcconfig; name = "Pods-Swifey-SwifeyUITests.release.xcconfig"; path = "Target Support Files/Pods-Swifey-SwifeyUITests/Pods-Swifey-SwifeyUITests.release.xcconfig"; sourceTree = "<group>"; };
		41023D3823D3E32900C6290A /* Swifey.app */ = {isa = PBXFileReference; explicitFileType = wrapper.application; includeInIndex = 0; path = Swifey.app; sourceTree = BUILT_PRODUCTS_DIR; };
		41023D3B23D3E32900C6290A /* AppDelegate.swift */ = {isa = PBXFileReference; lastKnownFileType = sourcecode.swift; path = AppDelegate.swift; sourceTree = "<group>"; };
		41023D3D23D3E32900C6290A /* SceneDelegate.swift */ = {isa = PBXFileReference; lastKnownFileType = sourcecode.swift; path = SceneDelegate.swift; sourceTree = "<group>"; };
		41023D4023D3E32900C6290A /* Swifey.xcdatamodel */ = {isa = PBXFileReference; lastKnownFileType = wrapper.xcdatamodel; path = Swifey.xcdatamodel; sourceTree = "<group>"; };
		41023D4223D3E32900C6290A /* ContentView.swift */ = {isa = PBXFileReference; lastKnownFileType = sourcecode.swift; path = ContentView.swift; sourceTree = "<group>"; };
		41023D4423D3E32D00C6290A /* Assets.xcassets */ = {isa = PBXFileReference; lastKnownFileType = folder.assetcatalog; path = Assets.xcassets; sourceTree = "<group>"; };
		41023D4723D3E32D00C6290A /* Preview Assets.xcassets */ = {isa = PBXFileReference; lastKnownFileType = folder.assetcatalog; path = "Preview Assets.xcassets"; sourceTree = "<group>"; };
		41023D4A23D3E32D00C6290A /* Base */ = {isa = PBXFileReference; lastKnownFileType = file.storyboard; name = Base; path = Base.lproj/LaunchScreen.storyboard; sourceTree = "<group>"; };
		41023D4C23D3E32D00C6290A /* Info.plist */ = {isa = PBXFileReference; lastKnownFileType = text.plist.xml; path = Info.plist; sourceTree = "<group>"; };
		41023D5123D3E32D00C6290A /* SwifeyTests.xctest */ = {isa = PBXFileReference; explicitFileType = wrapper.cfbundle; includeInIndex = 0; path = SwifeyTests.xctest; sourceTree = BUILT_PRODUCTS_DIR; };
		41023D5523D3E32D00C6290A /* SwifeyTests.swift */ = {isa = PBXFileReference; lastKnownFileType = sourcecode.swift; path = SwifeyTests.swift; sourceTree = "<group>"; };
		41023D5723D3E32D00C6290A /* Info.plist */ = {isa = PBXFileReference; lastKnownFileType = text.plist.xml; path = Info.plist; sourceTree = "<group>"; };
		41023D5C23D3E32D00C6290A /* SwifeyUITests.xctest */ = {isa = PBXFileReference; explicitFileType = wrapper.cfbundle; includeInIndex = 0; path = SwifeyUITests.xctest; sourceTree = BUILT_PRODUCTS_DIR; };
		41023D6023D3E32D00C6290A /* SwifeyUITests.swift */ = {isa = PBXFileReference; lastKnownFileType = sourcecode.swift; path = SwifeyUITests.swift; sourceTree = "<group>"; };
		41023D6223D3E32D00C6290A /* Info.plist */ = {isa = PBXFileReference; lastKnownFileType = text.plist.xml; path = Info.plist; sourceTree = "<group>"; };
		412E484E23D50C15000F6A17 /* SessionStore.swift */ = {isa = PBXFileReference; lastKnownFileType = sourcecode.swift; path = SessionStore.swift; sourceTree = "<group>"; };
		412E485023D53B94000F6A17 /* AuthView.swift */ = {isa = PBXFileReference; lastKnownFileType = sourcecode.swift; path = AuthView.swift; sourceTree = "<group>"; };
		418CAF5E23D502C300DCD458 /* GoogleService-Info.plist */ = {isa = PBXFileReference; fileEncoding = 4; lastKnownFileType = text.plist.xml; path = "GoogleService-Info.plist"; sourceTree = "<group>"; };
		A2E0FF85ED283C71E6BD959D /* Pods_Swifey.framework */ = {isa = PBXFileReference; explicitFileType = wrapper.framework; includeInIndex = 0; path = Pods_Swifey.framework; sourceTree = BUILT_PRODUCTS_DIR; };
		D4B0989D5B8DA1811A04593E /* Pods-SwifeyTests.release.xcconfig */ = {isa = PBXFileReference; includeInIndex = 1; lastKnownFileType = text.xcconfig; name = "Pods-SwifeyTests.release.xcconfig"; path = "Target Support Files/Pods-SwifeyTests/Pods-SwifeyTests.release.xcconfig"; sourceTree = "<group>"; };
		E0C66F64B93E3876B68D9383 /* Pods-Swifey.release.xcconfig */ = {isa = PBXFileReference; includeInIndex = 1; lastKnownFileType = text.xcconfig; name = "Pods-Swifey.release.xcconfig"; path = "Target Support Files/Pods-Swifey/Pods-Swifey.release.xcconfig"; sourceTree = "<group>"; };
		F8359946D121BD89F0831F20 /* Pods-Swifey-SwifeyUITests.debug.xcconfig */ = {isa = PBXFileReference; includeInIndex = 1; lastKnownFileType = text.xcconfig; name = "Pods-Swifey-SwifeyUITests.debug.xcconfig"; path = "Target Support Files/Pods-Swifey-SwifeyUITests/Pods-Swifey-SwifeyUITests.debug.xcconfig"; sourceTree = "<group>"; };
/* End PBXFileReference section */

/* Begin PBXFrameworksBuildPhase section */
		41023D3523D3E32900C6290A /* Frameworks */ = {
			isa = PBXFrameworksBuildPhase;
			buildActionMask = 2147483647;
			files = (
				9C4E0153F604FE62A1A7A27B /* Pods_Swifey.framework in Frameworks */,
			);
			runOnlyForDeploymentPostprocessing = 0;
		};
		41023D4E23D3E32D00C6290A /* Frameworks */ = {
			isa = PBXFrameworksBuildPhase;
			buildActionMask = 2147483647;
			files = (
				058AA7C88E6E24CA97FC8C8A /* Pods_SwifeyTests.framework in Frameworks */,
			);
			runOnlyForDeploymentPostprocessing = 0;
		};
		41023D5923D3E32D00C6290A /* Frameworks */ = {
			isa = PBXFrameworksBuildPhase;
			buildActionMask = 2147483647;
			files = (
				DFEACB87CCC0A0D7D9700A85 /* Pods_Swifey_SwifeyUITests.framework in Frameworks */,
			);
			runOnlyForDeploymentPostprocessing = 0;
		};
/* End PBXFrameworksBuildPhase section */

/* Begin PBXGroup section */
		0C892A55760DAB7442D8C7FF /* Pods */ = {
			isa = PBXGroup;
			children = (
				3485335F8C3CE34B422B1290 /* Pods-Swifey.debug.xcconfig */,
				E0C66F64B93E3876B68D9383 /* Pods-Swifey.release.xcconfig */,
				F8359946D121BD89F0831F20 /* Pods-Swifey-SwifeyUITests.debug.xcconfig */,
				40575D5EC70798C92593719D /* Pods-Swifey-SwifeyUITests.release.xcconfig */,
				208F5EB0BE911C035F212B8E /* Pods-SwifeyTests.debug.xcconfig */,
				D4B0989D5B8DA1811A04593E /* Pods-SwifeyTests.release.xcconfig */,
			);
			path = Pods;
			sourceTree = "<group>";
		};
		41023D2F23D3E32900C6290A = {
			isa = PBXGroup;
			children = (
				41023D3A23D3E32900C6290A /* Swifey */,
				41023D5423D3E32D00C6290A /* SwifeyTests */,
				41023D5F23D3E32D00C6290A /* SwifeyUITests */,
				41023D3923D3E32900C6290A /* Products */,
				0C892A55760DAB7442D8C7FF /* Pods */,
				DF8554AAFA2AF35B7945AE8E /* Frameworks */,
			);
			sourceTree = "<group>";
		};
		41023D3923D3E32900C6290A /* Products */ = {
			isa = PBXGroup;
			children = (
				41023D3823D3E32900C6290A /* Swifey.app */,
				41023D5123D3E32D00C6290A /* SwifeyTests.xctest */,
				41023D5C23D3E32D00C6290A /* SwifeyUITests.xctest */,
			);
			name = Products;
			sourceTree = "<group>";
		};
		41023D3A23D3E32900C6290A /* Swifey */ = {
			isa = PBXGroup;
			children = (
				418CAF5E23D502C300DCD458 /* GoogleService-Info.plist */,
				41023D3B23D3E32900C6290A /* AppDelegate.swift */,
				41023D3D23D3E32900C6290A /* SceneDelegate.swift */,
				41023D4223D3E32900C6290A /* ContentView.swift */,
				412E485023D53B94000F6A17 /* AuthView.swift */,
				412E484E23D50C15000F6A17 /* SessionStore.swift */,
				41023D4423D3E32D00C6290A /* Assets.xcassets */,
				41023D4923D3E32D00C6290A /* LaunchScreen.storyboard */,
				41023D4C23D3E32D00C6290A /* Info.plist */,
				41023D3F23D3E32900C6290A /* Swifey.xcdatamodeld */,
				41023D4623D3E32D00C6290A /* Preview Content */,
			);
			path = Swifey;
			sourceTree = "<group>";
		};
		41023D4623D3E32D00C6290A /* Preview Content */ = {
			isa = PBXGroup;
			children = (
				41023D4723D3E32D00C6290A /* Preview Assets.xcassets */,
			);
			path = "Preview Content";
			sourceTree = "<group>";
		};
		41023D5423D3E32D00C6290A /* SwifeyTests */ = {
			isa = PBXGroup;
			children = (
				41023D5523D3E32D00C6290A /* SwifeyTests.swift */,
				41023D5723D3E32D00C6290A /* Info.plist */,
			);
			path = SwifeyTests;
			sourceTree = "<group>";
		};
		41023D5F23D3E32D00C6290A /* SwifeyUITests */ = {
			isa = PBXGroup;
			children = (
				41023D6023D3E32D00C6290A /* SwifeyUITests.swift */,
				41023D6223D3E32D00C6290A /* Info.plist */,
			);
			path = SwifeyUITests;
			sourceTree = "<group>";
		};
		DF8554AAFA2AF35B7945AE8E /* Frameworks */ = {
			isa = PBXGroup;
			children = (
				A2E0FF85ED283C71E6BD959D /* Pods_Swifey.framework */,
				138390B8D356C1A3B23FCFCD /* Pods_Swifey_SwifeyUITests.framework */,
				3CE085C7BC6340D09586CD38 /* Pods_SwifeyTests.framework */,
			);
			name = Frameworks;
			sourceTree = "<group>";
		};
/* End PBXGroup section */

/* Begin PBXNativeTarget section */
		41023D3723D3E32900C6290A /* Swifey */ = {
			isa = PBXNativeTarget;
			buildConfigurationList = 41023D6523D3E32D00C6290A /* Build configuration list for PBXNativeTarget "Swifey" */;
			buildPhases = (
				24A7F957D61A4AF11ED24591 /* [CP] Check Pods Manifest.lock */,
				41023D3423D3E32900C6290A /* Sources */,
				41023D3523D3E32900C6290A /* Frameworks */,
				41023D3623D3E32900C6290A /* Resources */,
				7064736221C0D445EE5F731C /* [CP] Embed Pods Frameworks */,
			);
			buildRules = (
			);
			dependencies = (
			);
			name = Swifey;
			productName = Swifey;
			productReference = 41023D3823D3E32900C6290A /* Swifey.app */;
			productType = "com.apple.product-type.application";
		};
		41023D5023D3E32D00C6290A /* SwifeyTests */ = {
			isa = PBXNativeTarget;
			buildConfigurationList = 41023D6823D3E32D00C6290A /* Build configuration list for PBXNativeTarget "SwifeyTests" */;
			buildPhases = (
				901FBA606B85DA9CDC1FB5ED /* [CP] Check Pods Manifest.lock */,
				41023D4D23D3E32D00C6290A /* Sources */,
				41023D4E23D3E32D00C6290A /* Frameworks */,
				41023D4F23D3E32D00C6290A /* Resources */,
			);
			buildRules = (
			);
			dependencies = (
				41023D5323D3E32D00C6290A /* PBXTargetDependency */,
			);
			name = SwifeyTests;
			productName = SwifeyTests;
			productReference = 41023D5123D3E32D00C6290A /* SwifeyTests.xctest */;
			productType = "com.apple.product-type.bundle.unit-test";
		};
		41023D5B23D3E32D00C6290A /* SwifeyUITests */ = {
			isa = PBXNativeTarget;
			buildConfigurationList = 41023D6B23D3E32D00C6290A /* Build configuration list for PBXNativeTarget "SwifeyUITests" */;
			buildPhases = (
				8D866D2FB60DEF9F0F38F0D6 /* [CP] Check Pods Manifest.lock */,
				41023D5823D3E32D00C6290A /* Sources */,
				41023D5923D3E32D00C6290A /* Frameworks */,
				41023D5A23D3E32D00C6290A /* Resources */,
				67421D14D06AEDD3B1F89EC0 /* [CP] Embed Pods Frameworks */,
			);
			buildRules = (
			);
			dependencies = (
				41023D5E23D3E32D00C6290A /* PBXTargetDependency */,
			);
			name = SwifeyUITests;
			productName = SwifeyUITests;
			productReference = 41023D5C23D3E32D00C6290A /* SwifeyUITests.xctest */;
			productType = "com.apple.product-type.bundle.ui-testing";
		};
/* End PBXNativeTarget section */

/* Begin PBXProject section */
		41023D3023D3E32900C6290A /* Project object */ = {
			isa = PBXProject;
			attributes = {
				LastSwiftUpdateCheck = 1130;
				LastUpgradeCheck = 1130;
				ORGANIZATIONNAME = "Mit Amin";
				TargetAttributes = {
					41023D3723D3E32900C6290A = {
						CreatedOnToolsVersion = 11.3.1;
					};
					41023D5023D3E32D00C6290A = {
						CreatedOnToolsVersion = 11.3.1;
						TestTargetID = 41023D3723D3E32900C6290A;
					};
					41023D5B23D3E32D00C6290A = {
						CreatedOnToolsVersion = 11.3.1;
						TestTargetID = 41023D3723D3E32900C6290A;
					};
				};
			};
			buildConfigurationList = 41023D3323D3E32900C6290A /* Build configuration list for PBXProject "Swifey" */;
			compatibilityVersion = "Xcode 9.3";
			developmentRegion = en;
			hasScannedForEncodings = 0;
			knownRegions = (
				en,
				Base,
			);
			mainGroup = 41023D2F23D3E32900C6290A;
			productRefGroup = 41023D3923D3E32900C6290A /* Products */;
			projectDirPath = "";
			projectRoot = "";
			targets = (
				41023D3723D3E32900C6290A /* Swifey */,
				41023D5023D3E32D00C6290A /* SwifeyTests */,
				41023D5B23D3E32D00C6290A /* SwifeyUITests */,
			);
		};
/* End PBXProject section */

/* Begin PBXResourcesBuildPhase section */
		41023D3623D3E32900C6290A /* Resources */ = {
			isa = PBXResourcesBuildPhase;
			buildActionMask = 2147483647;
			files = (
				418CAF5F23D502C300DCD458 /* GoogleService-Info.plist in Resources */,
				41023D4B23D3E32D00C6290A /* LaunchScreen.storyboard in Resources */,
				41023D4823D3E32D00C6290A /* Preview Assets.xcassets in Resources */,
				41023D4523D3E32D00C6290A /* Assets.xcassets in Resources */,
			);
			runOnlyForDeploymentPostprocessing = 0;
		};
		41023D4F23D3E32D00C6290A /* Resources */ = {
			isa = PBXResourcesBuildPhase;
			buildActionMask = 2147483647;
			files = (
			);
			runOnlyForDeploymentPostprocessing = 0;
		};
		41023D5A23D3E32D00C6290A /* Resources */ = {
			isa = PBXResourcesBuildPhase;
			buildActionMask = 2147483647;
			files = (
			);
			runOnlyForDeploymentPostprocessing = 0;
		};
/* End PBXResourcesBuildPhase section */

/* Begin PBXShellScriptBuildPhase section */
		24A7F957D61A4AF11ED24591 /* [CP] Check Pods Manifest.lock */ = {
			isa = PBXShellScriptBuildPhase;
			buildActionMask = 2147483647;
			files = (
			);
			inputFileListPaths = (
			);
			inputPaths = (
				"${PODS_PODFILE_DIR_PATH}/Podfile.lock",
				"${PODS_ROOT}/Manifest.lock",
			);
			name = "[CP] Check Pods Manifest.lock";
			outputFileListPaths = (
			);
			outputPaths = (
				"$(DERIVED_FILE_DIR)/Pods-Swifey-checkManifestLockResult.txt",
			);
			runOnlyForDeploymentPostprocessing = 0;
			shellPath = /bin/sh;
			shellScript = "diff \"${PODS_PODFILE_DIR_PATH}/Podfile.lock\" \"${PODS_ROOT}/Manifest.lock\" > /dev/null\nif [ $? != 0 ] ; then\n    # print error to STDERR\n    echo \"error: The sandbox is not in sync with the Podfile.lock. Run 'pod install' or update your CocoaPods installation.\" >&2\n    exit 1\nfi\n# This output is used by Xcode 'outputs' to avoid re-running this script phase.\necho \"SUCCESS\" > \"${SCRIPT_OUTPUT_FILE_0}\"\n";
			showEnvVarsInLog = 0;
		};
		67421D14D06AEDD3B1F89EC0 /* [CP] Embed Pods Frameworks */ = {
			isa = PBXShellScriptBuildPhase;
			buildActionMask = 2147483647;
			files = (
			);
			inputFileListPaths = (
				"${PODS_ROOT}/Target Support Files/Pods-Swifey-SwifeyUITests/Pods-Swifey-SwifeyUITests-frameworks-${CONFIGURATION}-input-files.xcfilelist",
			);
			name = "[CP] Embed Pods Frameworks";
			outputFileListPaths = (
				"${PODS_ROOT}/Target Support Files/Pods-Swifey-SwifeyUITests/Pods-Swifey-SwifeyUITests-frameworks-${CONFIGURATION}-output-files.xcfilelist",
			);
			runOnlyForDeploymentPostprocessing = 0;
			shellPath = /bin/sh;
			shellScript = "\"${PODS_ROOT}/Target Support Files/Pods-Swifey-SwifeyUITests/Pods-Swifey-SwifeyUITests-frameworks.sh\"\n";
			showEnvVarsInLog = 0;
		};
		7064736221C0D445EE5F731C /* [CP] Embed Pods Frameworks */ = {
			isa = PBXShellScriptBuildPhase;
			buildActionMask = 2147483647;
			files = (
			);
			inputFileListPaths = (
				"${PODS_ROOT}/Target Support Files/Pods-Swifey/Pods-Swifey-frameworks-${CONFIGURATION}-input-files.xcfilelist",
			);
			name = "[CP] Embed Pods Frameworks";
			outputFileListPaths = (
				"${PODS_ROOT}/Target Support Files/Pods-Swifey/Pods-Swifey-frameworks-${CONFIGURATION}-output-files.xcfilelist",
			);
			runOnlyForDeploymentPostprocessing = 0;
			shellPath = /bin/sh;
			shellScript = "\"${PODS_ROOT}/Target Support Files/Pods-Swifey/Pods-Swifey-frameworks.sh\"\n";
			showEnvVarsInLog = 0;
		};
		8D866D2FB60DEF9F0F38F0D6 /* [CP] Check Pods Manifest.lock */ = {
			isa = PBXShellScriptBuildPhase;
			buildActionMask = 2147483647;
			files = (
			);
			inputFileListPaths = (
			);
			inputPaths = (
				"${PODS_PODFILE_DIR_PATH}/Podfile.lock",
				"${PODS_ROOT}/Manifest.lock",
			);
			name = "[CP] Check Pods Manifest.lock";
			outputFileListPaths = (
			);
			outputPaths = (
				"$(DERIVED_FILE_DIR)/Pods-Swifey-SwifeyUITests-checkManifestLockResult.txt",
			);
			runOnlyForDeploymentPostprocessing = 0;
			shellPath = /bin/sh;
			shellScript = "diff \"${PODS_PODFILE_DIR_PATH}/Podfile.lock\" \"${PODS_ROOT}/Manifest.lock\" > /dev/null\nif [ $? != 0 ] ; then\n    # print error to STDERR\n    echo \"error: The sandbox is not in sync with the Podfile.lock. Run 'pod install' or update your CocoaPods installation.\" >&2\n    exit 1\nfi\n# This output is used by Xcode 'outputs' to avoid re-running this script phase.\necho \"SUCCESS\" > \"${SCRIPT_OUTPUT_FILE_0}\"\n";
			showEnvVarsInLog = 0;
		};
		901FBA606B85DA9CDC1FB5ED /* [CP] Check Pods Manifest.lock */ = {
			isa = PBXShellScriptBuildPhase;
			buildActionMask = 2147483647;
			files = (
			);
			inputFileListPaths = (
			);
			inputPaths = (
				"${PODS_PODFILE_DIR_PATH}/Podfile.lock",
				"${PODS_ROOT}/Manifest.lock",
			);
			name = "[CP] Check Pods Manifest.lock";
			outputFileListPaths = (
			);
			outputPaths = (
				"$(DERIVED_FILE_DIR)/Pods-SwifeyTests-checkManifestLockResult.txt",
			);
			runOnlyForDeploymentPostprocessing = 0;
			shellPath = /bin/sh;
			shellScript = "diff \"${PODS_PODFILE_DIR_PATH}/Podfile.lock\" \"${PODS_ROOT}/Manifest.lock\" > /dev/null\nif [ $? != 0 ] ; then\n    # print error to STDERR\n    echo \"error: The sandbox is not in sync with the Podfile.lock. Run 'pod install' or update your CocoaPods installation.\" >&2\n    exit 1\nfi\n# This output is used by Xcode 'outputs' to avoid re-running this script phase.\necho \"SUCCESS\" > \"${SCRIPT_OUTPUT_FILE_0}\"\n";
			showEnvVarsInLog = 0;
		};
/* End PBXShellScriptBuildPhase section */

/* Begin PBXSourcesBuildPhase section */
		41023D3423D3E32900C6290A /* Sources */ = {
			isa = PBXSourcesBuildPhase;
			buildActionMask = 2147483647;
			files = (
				41023D4123D3E32900C6290A /* Swifey.xcdatamodeld in Sources */,
				412E484F23D50C15000F6A17 /* SessionStore.swift in Sources */,
				412E485123D53B94000F6A17 /* AuthView.swift in Sources */,
				41023D3C23D3E32900C6290A /* AppDelegate.swift in Sources */,
				41023D4323D3E32900C6290A /* ContentView.swift in Sources */,
				41023D3E23D3E32900C6290A /* SceneDelegate.swift in Sources */,
			);
			runOnlyForDeploymentPostprocessing = 0;
		};
		41023D4D23D3E32D00C6290A /* Sources */ = {
			isa = PBXSourcesBuildPhase;
			buildActionMask = 2147483647;
			files = (
				41023D5623D3E32D00C6290A /* SwifeyTests.swift in Sources */,
			);
			runOnlyForDeploymentPostprocessing = 0;
		};
		41023D5823D3E32D00C6290A /* Sources */ = {
			isa = PBXSourcesBuildPhase;
			buildActionMask = 2147483647;
			files = (
				41023D6123D3E32D00C6290A /* SwifeyUITests.swift in Sources */,
			);
			runOnlyForDeploymentPostprocessing = 0;
		};
/* End PBXSourcesBuildPhase section */

/* Begin PBXTargetDependency section */
		41023D5323D3E32D00C6290A /* PBXTargetDependency */ = {
			isa = PBXTargetDependency;
			target = 41023D3723D3E32900C6290A /* Swifey */;
			targetProxy = 41023D5223D3E32D00C6290A /* PBXContainerItemProxy */;
		};
		41023D5E23D3E32D00C6290A /* PBXTargetDependency */ = {
			isa = PBXTargetDependency;
			target = 41023D3723D3E32900C6290A /* Swifey */;
			targetProxy = 41023D5D23D3E32D00C6290A /* PBXContainerItemProxy */;
		};
/* End PBXTargetDependency section */

/* Begin PBXVariantGroup section */
		41023D4923D3E32D00C6290A /* LaunchScreen.storyboard */ = {
			isa = PBXVariantGroup;
			children = (
				41023D4A23D3E32D00C6290A /* Base */,
			);
			name = LaunchScreen.storyboard;
			sourceTree = "<group>";
		};
/* End PBXVariantGroup section */

/* Begin XCBuildConfiguration section */
		41023D6323D3E32D00C6290A /* Debug */ = {
			isa = XCBuildConfiguration;
			buildSettings = {
				ALWAYS_SEARCH_USER_PATHS = NO;
				CLANG_ANALYZER_NONNULL = YES;
				CLANG_ANALYZER_NUMBER_OBJECT_CONVERSION = YES_AGGRESSIVE;
				CLANG_CXX_LANGUAGE_STANDARD = "gnu++14";
				CLANG_CXX_LIBRARY = "libc++";
				CLANG_ENABLE_MODULES = YES;
				CLANG_ENABLE_OBJC_ARC = YES;
				CLANG_ENABLE_OBJC_WEAK = YES;
				CLANG_WARN_BLOCK_CAPTURE_AUTORELEASING = YES;
				CLANG_WARN_BOOL_CONVERSION = YES;
				CLANG_WARN_COMMA = YES;
				CLANG_WARN_CONSTANT_CONVERSION = YES;
				CLANG_WARN_DEPRECATED_OBJC_IMPLEMENTATIONS = YES;
				CLANG_WARN_DIRECT_OBJC_ISA_USAGE = YES_ERROR;
				CLANG_WARN_DOCUMENTATION_COMMENTS = YES;
				CLANG_WARN_EMPTY_BODY = YES;
				CLANG_WARN_ENUM_CONVERSION = YES;
				CLANG_WARN_INFINITE_RECURSION = YES;
				CLANG_WARN_INT_CONVERSION = YES;
				CLANG_WARN_NON_LITERAL_NULL_CONVERSION = YES;
				CLANG_WARN_OBJC_IMPLICIT_RETAIN_SELF = YES;
				CLANG_WARN_OBJC_LITERAL_CONVERSION = YES;
				CLANG_WARN_OBJC_ROOT_CLASS = YES_ERROR;
				CLANG_WARN_RANGE_LOOP_ANALYSIS = YES;
				CLANG_WARN_STRICT_PROTOTYPES = YES;
				CLANG_WARN_SUSPICIOUS_MOVE = YES;
				CLANG_WARN_UNGUARDED_AVAILABILITY = YES_AGGRESSIVE;
				CLANG_WARN_UNREACHABLE_CODE = YES;
				CLANG_WARN__DUPLICATE_METHOD_MATCH = YES;
				COPY_PHASE_STRIP = NO;
				DEBUG_INFORMATION_FORMAT = dwarf;
				ENABLE_STRICT_OBJC_MSGSEND = YES;
				ENABLE_TESTABILITY = YES;
				GCC_C_LANGUAGE_STANDARD = gnu11;
				GCC_DYNAMIC_NO_PIC = NO;
				GCC_NO_COMMON_BLOCKS = YES;
				GCC_OPTIMIZATION_LEVEL = 0;
				GCC_PREPROCESSOR_DEFINITIONS = (
					"DEBUG=1",
					"$(inherited)",
				);
				GCC_WARN_64_TO_32_BIT_CONVERSION = YES;
				GCC_WARN_ABOUT_RETURN_TYPE = YES_ERROR;
				GCC_WARN_UNDECLARED_SELECTOR = YES;
				GCC_WARN_UNINITIALIZED_AUTOS = YES_AGGRESSIVE;
				GCC_WARN_UNUSED_FUNCTION = YES;
				GCC_WARN_UNUSED_VARIABLE = YES;
				IPHONEOS_DEPLOYMENT_TARGET = 13.2;
				MTL_ENABLE_DEBUG_INFO = INCLUDE_SOURCE;
				MTL_FAST_MATH = YES;
				ONLY_ACTIVE_ARCH = YES;
				SDKROOT = iphoneos;
				SWIFT_ACTIVE_COMPILATION_CONDITIONS = DEBUG;
				SWIFT_OPTIMIZATION_LEVEL = "-Onone";
			};
			name = Debug;
		};
		41023D6423D3E32D00C6290A /* Release */ = {
			isa = XCBuildConfiguration;
			buildSettings = {
				ALWAYS_SEARCH_USER_PATHS = NO;
				CLANG_ANALYZER_NONNULL = YES;
				CLANG_ANALYZER_NUMBER_OBJECT_CONVERSION = YES_AGGRESSIVE;
				CLANG_CXX_LANGUAGE_STANDARD = "gnu++14";
				CLANG_CXX_LIBRARY = "libc++";
				CLANG_ENABLE_MODULES = YES;
				CLANG_ENABLE_OBJC_ARC = YES;
				CLANG_ENABLE_OBJC_WEAK = YES;
				CLANG_WARN_BLOCK_CAPTURE_AUTORELEASING = YES;
				CLANG_WARN_BOOL_CONVERSION = YES;
				CLANG_WARN_COMMA = YES;
				CLANG_WARN_CONSTANT_CONVERSION = YES;
				CLANG_WARN_DEPRECATED_OBJC_IMPLEMENTATIONS = YES;
				CLANG_WARN_DIRECT_OBJC_ISA_USAGE = YES_ERROR;
				CLANG_WARN_DOCUMENTATION_COMMENTS = YES;
				CLANG_WARN_EMPTY_BODY = YES;
				CLANG_WARN_ENUM_CONVERSION = YES;
				CLANG_WARN_INFINITE_RECURSION = YES;
				CLANG_WARN_INT_CONVERSION = YES;
				CLANG_WARN_NON_LITERAL_NULL_CONVERSION = YES;
				CLANG_WARN_OBJC_IMPLICIT_RETAIN_SELF = YES;
				CLANG_WARN_OBJC_LITERAL_CONVERSION = YES;
				CLANG_WARN_OBJC_ROOT_CLASS = YES_ERROR;
				CLANG_WARN_RANGE_LOOP_ANALYSIS = YES;
				CLANG_WARN_STRICT_PROTOTYPES = YES;
				CLANG_WARN_SUSPICIOUS_MOVE = YES;
				CLANG_WARN_UNGUARDED_AVAILABILITY = YES_AGGRESSIVE;
				CLANG_WARN_UNREACHABLE_CODE = YES;
				CLANG_WARN__DUPLICATE_METHOD_MATCH = YES;
				COPY_PHASE_STRIP = NO;
				DEBUG_INFORMATION_FORMAT = "dwarf-with-dsym";
				ENABLE_NS_ASSERTIONS = NO;
				ENABLE_STRICT_OBJC_MSGSEND = YES;
				GCC_C_LANGUAGE_STANDARD = gnu11;
				GCC_NO_COMMON_BLOCKS = YES;
				GCC_WARN_64_TO_32_BIT_CONVERSION = YES;
				GCC_WARN_ABOUT_RETURN_TYPE = YES_ERROR;
				GCC_WARN_UNDECLARED_SELECTOR = YES;
				GCC_WARN_UNINITIALIZED_AUTOS = YES_AGGRESSIVE;
				GCC_WARN_UNUSED_FUNCTION = YES;
				GCC_WARN_UNUSED_VARIABLE = YES;
				IPHONEOS_DEPLOYMENT_TARGET = 13.2;
				MTL_ENABLE_DEBUG_INFO = NO;
				MTL_FAST_MATH = YES;
				SDKROOT = iphoneos;
				SWIFT_COMPILATION_MODE = wholemodule;
				SWIFT_OPTIMIZATION_LEVEL = "-O";
				VALIDATE_PRODUCT = YES;
			};
			name = Release;
		};
		41023D6623D3E32D00C6290A /* Debug */ = {
			isa = XCBuildConfiguration;
			baseConfigurationReference = 3485335F8C3CE34B422B1290 /* Pods-Swifey.debug.xcconfig */;
			buildSettings = {
				ASSETCATALOG_COMPILER_APPICON_NAME = AppIcon;
				CODE_SIGN_STYLE = Automatic;
				DEVELOPMENT_ASSET_PATHS = "\"Swifey/Preview Content\"";
				DEVELOPMENT_TEAM = M84D5994X4;
				ENABLE_PREVIEWS = YES;
				INFOPLIST_FILE = Swifey/Info.plist;
				LD_RUNPATH_SEARCH_PATHS = (
					"$(inherited)",
					"@executable_path/Frameworks",
				);
				PRODUCT_BUNDLE_IDENTIFIER = mitamin.Swifey;
				PRODUCT_NAME = "$(TARGET_NAME)";
				SWIFT_VERSION = 5.0;
				TARGETED_DEVICE_FAMILY = "1,2";
			};
			name = Debug;
		};
		41023D6723D3E32D00C6290A /* Release */ = {
			isa = XCBuildConfiguration;
			baseConfigurationReference = E0C66F64B93E3876B68D9383 /* Pods-Swifey.release.xcconfig */;
			buildSettings = {
				ASSETCATALOG_COMPILER_APPICON_NAME = AppIcon;
				CODE_SIGN_STYLE = Automatic;
				DEVELOPMENT_ASSET_PATHS = "\"Swifey/Preview Content\"";
				DEVELOPMENT_TEAM = M84D5994X4;
				ENABLE_PREVIEWS = YES;
				INFOPLIST_FILE = Swifey/Info.plist;
				LD_RUNPATH_SEARCH_PATHS = (
					"$(inherited)",
					"@executable_path/Frameworks",
				);
				PRODUCT_BUNDLE_IDENTIFIER = mitamin.Swifey;
				PRODUCT_NAME = "$(TARGET_NAME)";
				SWIFT_VERSION = 5.0;
				TARGETED_DEVICE_FAMILY = "1,2";
			};
			name = Release;
		};
		41023D6923D3E32D00C6290A /* Debug */ = {
			isa = XCBuildConfiguration;
			baseConfigurationReference = 208F5EB0BE911C035F212B8E /* Pods-SwifeyTests.debug.xcconfig */;
			buildSettings = {
				ALWAYS_EMBED_SWIFT_STANDARD_LIBRARIES = YES;
				BUNDLE_LOADER = "$(TEST_HOST)";
				CODE_SIGN_STYLE = Automatic;
				DEVELOPMENT_TEAM = M84D5994X4;
				INFOPLIST_FILE = SwifeyTests/Info.plist;
				IPHONEOS_DEPLOYMENT_TARGET = 13.2;
				LD_RUNPATH_SEARCH_PATHS = (
					"$(inherited)",
					"@executable_path/Frameworks",
					"@loader_path/Frameworks",
				);
				PRODUCT_BUNDLE_IDENTIFIER = mitamin.SwifeyTests;
				PRODUCT_NAME = "$(TARGET_NAME)";
				SWIFT_VERSION = 5.0;
				TARGETED_DEVICE_FAMILY = "1,2";
				TEST_HOST = "$(BUILT_PRODUCTS_DIR)/Swifey.app/Swifey";
			};
			name = Debug;
		};
		41023D6A23D3E32D00C6290A /* Release */ = {
			isa = XCBuildConfiguration;
			baseConfigurationReference = D4B0989D5B8DA1811A04593E /* Pods-SwifeyTests.release.xcconfig */;
			buildSettings = {
				ALWAYS_EMBED_SWIFT_STANDARD_LIBRARIES = YES;
				BUNDLE_LOADER = "$(TEST_HOST)";
				CODE_SIGN_STYLE = Automatic;
				DEVELOPMENT_TEAM = M84D5994X4;
				INFOPLIST_FILE = SwifeyTests/Info.plist;
				IPHONEOS_DEPLOYMENT_TARGET = 13.2;
				LD_RUNPATH_SEARCH_PATHS = (
					"$(inherited)",
					"@executable_path/Frameworks",
					"@loader_path/Frameworks",
				);
				PRODUCT_BUNDLE_IDENTIFIER = mitamin.SwifeyTests;
				PRODUCT_NAME = "$(TARGET_NAME)";
				SWIFT_VERSION = 5.0;
				TARGETED_DEVICE_FAMILY = "1,2";
				TEST_HOST = "$(BUILT_PRODUCTS_DIR)/Swifey.app/Swifey";
			};
			name = Release;
		};
		41023D6C23D3E32D00C6290A /* Debug */ = {
			isa = XCBuildConfiguration;
			baseConfigurationReference = F8359946D121BD89F0831F20 /* Pods-Swifey-SwifeyUITests.debug.xcconfig */;
			buildSettings = {
				ALWAYS_EMBED_SWIFT_STANDARD_LIBRARIES = YES;
				CODE_SIGN_STYLE = Automatic;
				DEVELOPMENT_TEAM = M84D5994X4;
				INFOPLIST_FILE = SwifeyUITests/Info.plist;
				LD_RUNPATH_SEARCH_PATHS = (
					"$(inherited)",
					"@executable_path/Frameworks",
					"@loader_path/Frameworks",
				);
				PRODUCT_BUNDLE_IDENTIFIER = mitamin.SwifeyUITests;
				PRODUCT_NAME = "$(TARGET_NAME)";
				SWIFT_VERSION = 5.0;
				TARGETED_DEVICE_FAMILY = "1,2";
				TEST_TARGET_NAME = Swifey;
			};
			name = Debug;
		};
		41023D6D23D3E32D00C6290A /* Release */ = {
			isa = XCBuildConfiguration;
			baseConfigurationReference = 40575D5EC70798C92593719D /* Pods-Swifey-SwifeyUITests.release.xcconfig */;
			buildSettings = {
				ALWAYS_EMBED_SWIFT_STANDARD_LIBRARIES = YES;
				CODE_SIGN_STYLE = Automatic;
				DEVELOPMENT_TEAM = M84D5994X4;
				INFOPLIST_FILE = SwifeyUITests/Info.plist;
				LD_RUNPATH_SEARCH_PATHS = (
					"$(inherited)",
					"@executable_path/Frameworks",
					"@loader_path/Frameworks",
				);
				PRODUCT_BUNDLE_IDENTIFIER = mitamin.SwifeyUITests;
				PRODUCT_NAME = "$(TARGET_NAME)";
				SWIFT_VERSION = 5.0;
				TARGETED_DEVICE_FAMILY = "1,2";
				TEST_TARGET_NAME = Swifey;
			};
			name = Release;
		};
/* End XCBuildConfiguration section */

/* Begin XCConfigurationList section */
		41023D3323D3E32900C6290A /* Build configuration list for PBXProject "Swifey" */ = {
			isa = XCConfigurationList;
			buildConfigurations = (
				41023D6323D3E32D00C6290A /* Debug */,
				41023D6423D3E32D00C6290A /* Release */,
			);
			defaultConfigurationIsVisible = 0;
			defaultConfigurationName = Release;
		};
		41023D6523D3E32D00C6290A /* Build configuration list for PBXNativeTarget "Swifey" */ = {
			isa = XCConfigurationList;
			buildConfigurations = (
				41023D6623D3E32D00C6290A /* Debug */,
				41023D6723D3E32D00C6290A /* Release */,
			);
			defaultConfigurationIsVisible = 0;
			defaultConfigurationName = Release;
		};
		41023D6823D3E32D00C6290A /* Build configuration list for PBXNativeTarget "SwifeyTests" */ = {
			isa = XCConfigurationList;
			buildConfigurations = (
				41023D6923D3E32D00C6290A /* Debug */,
				41023D6A23D3E32D00C6290A /* Release */,
			);
			defaultConfigurationIsVisible = 0;
			defaultConfigurationName = Release;
		};
		41023D6B23D3E32D00C6290A /* Build configuration list for PBXNativeTarget "SwifeyUITests" */ = {
			isa = XCConfigurationList;
			buildConfigurations = (
				41023D6C23D3E32D00C6290A /* Debug */,
				41023D6D23D3E32D00C6290A /* Release */,
			);
			defaultConfigurationIsVisible = 0;
			defaultConfigurationName = Release;
		};
/* End XCConfigurationList section */

/* Begin XCVersionGroup section */
		41023D3F23D3E32900C6290A /* Swifey.xcdatamodeld */ = {
			isa = XCVersionGroup;
			children = (
				41023D4023D3E32900C6290A /* Swifey.xcdatamodel */,
			);
			currentVersion = 41023D4023D3E32900C6290A /* Swifey.xcdatamodel */;
			path = Swifey.xcdatamodeld;
			sourceTree = "<group>";
			versionGroupType = wrapper.xcdatamodel;
		};
/* End XCVersionGroup section */
	};
	rootObject = 41023D3023D3E32900C6290A /* Project object */;
}
